
Microsoft Visual Studio Solution File, Format Version 12.00
# Visual Studio Version 17
VisualStudioVersion = 17.14.36109.1 d17.14
MinimumVisualStudioVersion = 10.0.40219.1
Project("{FAE04EC0-301F-11D3-BF4B-00C04F79EFBC}") = "BBTimes", "BBTimes.csproj", "{383BF91D-819C-FB4B-7D96-A6BA0313ADD1}"
EndProject
Global
	GlobalSection(SolutionConfigurationPlatforms) = preSolution
		Cheat|Any CPU = Cheat|Any CPU
		Debug|Any CPU = Debug|Any CPU
		Release|Any CPU = Release|Any CPU
	EndGlobalSection
	GlobalSection(ProjectConfigurationPlatforms) = postSolution
		{383BF91D-819C-FB4B-7D96-A6BA0313ADD1}.Cheat|Any CPU.ActiveCfg = Cheat|Any CPU
		{383BF91D-819C-FB4B-7D96-A6BA0313ADD1}.Cheat|Any CPU.Build.0 = Cheat|Any CPU
		{383BF91D-819C-FB4B-7D96-A6BA0313ADD1}.Debug|Any CPU.ActiveCfg = Debug|Any CPU
		{383BF91D-819C-FB4B-7D96-A6BA0313ADD1}.Debug|Any CPU.Build.0 = Debug|Any CPU
		{383BF91D-819C-FB4B-7D96-A6BA0313ADD1}.Release|Any CPU.ActiveCfg = Release|Any CPU
		{383BF91D-819C-FB4B-7D96-A6BA0313ADD1}.Release|Any CPU.Build.0 = Release|Any CPU
	EndGlobalSection
	GlobalSection(SolutionProperties) = preSolution
		HideSolutionNode = FALSE
	EndGlobalSection
	GlobalSection(ExtensibilityGlobals) = postSolution
		SolutionGuid = {95C1E740-8535-4DC3-A490-6D70BF334700}
	EndGlobalSection
EndGlobal
